// !$*UTF8*$!
{
	archiveVersion = 1;
	classes = {
	};
	objectVersion = 56;
	objects = {

/* Begin PBXBuildFile section */
		9FACBED62AFAFA62004FBA77 /* AppDelegate.swift in Sources */ = {isa = PBXBuildFile; fileRef = 9FACBED52AFAFA62004FBA77 /* AppDelegate.swift */; };
		9FACBED82AFAFA62004FBA77 /* SceneDelegate.swift in Sources */ = {isa = PBXBuildFile; fileRef = 9FACBED72AFAFA62004FBA77 /* SceneDelegate.swift */; };
		9FACBEDA2AFAFA62004FBA77 /* ViewController.swift in Sources */ = {isa = PBXBuildFile; fileRef = 9FACBED92AFAFA62004FBA77 /* ViewController.swift */; };
		9FACBEDD2AFAFA62004FBA77 /* Main.storyboard in Resources */ = {isa = PBXBuildFile; fileRef = 9FACBEDB2AFAFA62004FBA77 /* Main.storyboard */; };
		9FACBEE02AFAFA62004FBA77 /* userDefaults.xcdatamodeld in Sources */ = {isa = PBXBuildFile; fileRef = 9FACBEDE2AFAFA62004FBA77 /* userDefaults.xcdatamodeld */; };
		9FACBEE22AFAFA66004FBA77 /* Assets.xcassets in Resources */ = {isa = PBXBuildFile; fileRef = 9FACBEE12AFAFA66004FBA77 /* Assets.xcassets */; };
		9FACBEE52AFAFA66004FBA77 /* LaunchScreen.storyboard in Resources */ = {isa = PBXBuildFile; fileRef = 9FACBEE32AFAFA66004FBA77 /* LaunchScreen.storyboard */; };
		9FACBEF02AFAFA66004FBA77 /* userDefaultsTests.swift in Sources */ = {isa = PBXBuildFile; fileRef = 9FACBEEF2AFAFA66004FBA77 /* userDefaultsTests.swift */; };
		9FACBEFA2AFAFA66004FBA77 /* userDefaultsUITests.swift in Sources */ = {isa = PBXBuildFile; fileRef = 9FACBEF92AFAFA66004FBA77 /* userDefaultsUITests.swift */; };
		9FACBEFC2AFAFA66004FBA77 /* userDefaultsUITestsLaunchTests.swift in Sources */ = {isa = PBXBuildFile; fileRef = 9FACBEFB2AFAFA66004FBA77 /* userDefaultsUITestsLaunchTests.swift */; };
/* End PBXBuildFile section */

/* Begin PBXContainerItemProxy section */
		9FACBEEC2AFAFA66004FBA77 /* PBXContainerItemProxy */ = {
			isa = PBXContainerItemProxy;
			containerPortal = 9FACBECA2AFAFA62004FBA77 /* Project object */;
			proxyType = 1;
			remoteGlobalIDString = 9FACBED12AFAFA62004FBA77;
			remoteInfo = userDefaults;
		};
		9FACBEF62AFAFA66004FBA77 /* PBXContainerItemProxy */ = {
			isa = PBXContainerItemProxy;
			containerPortal = 9FACBECA2AFAFA62004FBA77 /* Project object */;
			proxyType = 1;
			remoteGlobalIDString = 9FACBED12AFAFA62004FBA77;
			remoteInfo = userDefaults;
		};
/* End PBXContainerItemProxy section */

/* Begin PBXFileReference section */
		9FACBED22AFAFA62004FBA77 /* userDefaults.app */ = {isa = PBXFileReference; explicitFileType = wrapper.application; includeInIndex = 0; path = userDefaults.app; sourceTree = BUILT_PRODUCTS_DIR; };
		9FACBED52AFAFA62004FBA77 /* AppDelegate.swift */ = {isa = PBXFileReference; lastKnownFileType = sourcecode.swift; path = AppDelegate.swift; sourceTree = "<group>"; };
		9FACBED72AFAFA62004FBA77 /* SceneDelegate.swift */ = {isa = PBXFileReference; lastKnownFileType = sourcecode.swift; path = SceneDelegate.swift; sourceTree = "<group>"; };
		9FACBED92AFAFA62004FBA77 /* ViewController.swift */ = {isa = PBXFileReference; lastKnownFileType = sourcecode.swift; path = ViewController.swift; sourceTree = "<group>"; };
		9FACBEDC2AFAFA62004FBA77 /* Base */ = {isa = PBXFileReference; lastKnownFileType = file.storyboard; name = Base; path = Base.lproj/Main.storyboard; sourceTree = "<group>"; };
		9FACBEDF2AFAFA62004FBA77 /* userDefaults.xcdatamodel */ = {isa = PBXFileReference; lastKnownFileType = wrapper.xcdatamodel; path = userDefaults.xcdatamodel; sourceTree = "<group>"; };
		9FACBEE12AFAFA66004FBA77 /* Assets.xcassets */ = {isa = PBXFileReference; lastKnownFileType = folder.assetcatalog; path = Assets.xcassets; sourceTree = "<group>"; };
		9FACBEE42AFAFA66004FBA77 /* Base */ = {isa = PBXFileReference; lastKnownFileType = file.storyboard; name = Base; path = Base.lproj/LaunchScreen.storyboard; sourceTree = "<group>"; };
		9FACBEE62AFAFA66004FBA77 /* Info.plist */ = {isa = PBXFileReference; lastKnownFileType = text.plist.xml; path = Info.plist; sourceTree = "<group>"; };
		9FACBEEB2AFAFA66004FBA77 /* userDefaultsTests.xctest */ = {isa = PBXFileReference; explicitFileType = wrapper.cfbundle; includeInIndex = 0; path = userDefaultsTests.xctest; sourceTree = BUILT_PRODUCTS_DIR; };
		9FACBEEF2AFAFA66004FBA77 /* userDefaultsTests.swift */ = {isa = PBXFileReference; lastKnownFileType = sourcecode.swift; path = userDefaultsTests.swift; sourceTree = "<group>"; };
		9FACBEF52AFAFA66004FBA77 /* userDefaultsUITests.xctest */ = {isa = PBXFileReference; explicitFileType = wrapper.cfbundle; includeInIndex = 0; path = userDefaultsUITests.xctest; sourceTree = BUILT_PRODUCTS_DIR; };
		9FACBEF92AFAFA66004FBA77 /* userDefaultsUITests.swift */ = {isa = PBXFileReference; lastKnownFileType = sourcecode.swift; path = userDefaultsUITests.swift; sourceTree = "<group>"; };
		9FACBEFB2AFAFA66004FBA77 /* userDefaultsUITestsLaunchTests.swift */ = {isa = PBXFileReference; lastKnownFileType = sourcecode.swift; path = userDefaultsUITestsLaunchTests.swift; sourceTree = "<group>"; };
/* End PBXFileReference section */

/* Begin PBXFrameworksBuildPhase section */
		9FACBECF2AFAFA62004FBA77 /* Frameworks */ = {
			isa = PBXFrameworksBuildPhase;
			buildActionMask = 2147483647;
			files = (
			);
			runOnlyForDeploymentPostprocessing = 0;
		};
		9FACBEE82AFAFA66004FBA77 /* Frameworks */ = {
			isa = PBXFrameworksBuildPhase;
			buildActionMask = 2147483647;
			files = (
			);
			runOnlyForDeploymentPostprocessing = 0;
		};
		9FACBEF22AFAFA66004FBA77 /* Frameworks */ = {
			isa = PBXFrameworksBuildPhase;
			buildActionMask = 2147483647;
			files = (
			);
			runOnlyForDeploymentPostprocessing = 0;
		};
/* End PBXFrameworksBuildPhase section */

/* Begin PBXGroup section */
		9FACBEC92AFAFA62004FBA77 = {
			isa = PBXGroup;
			children = (
				9FACBED42AFAFA62004FBA77 /* userDefaults */,
				9FACBEEE2AFAFA66004FBA77 /* userDefaultsTests */,
				9FACBEF82AFAFA66004FBA77 /* userDefaultsUITests */,
				9FACBED32AFAFA62004FBA77 /* Products */,
			);
			sourceTree = "<group>";
		};
		9FACBED32AFAFA62004FBA77 /* Products */ = {
			isa = PBXGroup;
			children = (
				9FACBED22AFAFA62004FBA77 /* userDefaults.app */,
				9FACBEEB2AFAFA66004FBA77 /* userDefaultsTests.xctest */,
				9FACBEF52AFAFA66004FBA77 /* userDefaultsUITests.xctest */,
			);
			name = Products;
			sourceTree = "<group>";
		};
		9FACBED42AFAFA62004FBA77 /* userDefaults */ = {
			isa = PBXGroup;
			children = (
				9FACBED52AFAFA62004FBA77 /* AppDelegate.swift */,
				9FACBED72AFAFA62004FBA77 /* SceneDelegate.swift */,
				9FACBED92AFAFA62004FBA77 /* ViewController.swift */,
				9FACBEDB2AFAFA62004FBA77 /* Main.storyboard */,
				9FACBEE12AFAFA66004FBA77 /* Assets.xcassets */,
				9FACBEE32AFAFA66004FBA77 /* LaunchScreen.storyboard */,
				9FACBEE62AFAFA66004FBA77 /* Info.plist */,
				9FACBEDE2AFAFA62004FBA77 /* userDefaults.xcdatamodeld */,
			);
			path = userDefaults;
			sourceTree = "<group>";
		};
		9FACBEEE2AFAFA66004FBA77 /* userDefaultsTests */ = {
			isa = PBXGroup;
			children = (
				9FACBEEF2AFAFA66004FBA77 /* userDefaultsTests.swift */,
			);
			path = userDefaultsTests;
			sourceTree = "<group>";
		};
		9FACBEF82AFAFA66004FBA77 /* userDefaultsUITests */ = {
			isa = PBXGroup;
			children = (
				9FACBEF92AFAFA66004FBA77 /* userDefaultsUITests.swift */,
				9FACBEFB2AFAFA66004FBA77 /* userDefaultsUITestsLaunchTests.swift */,
			);
			path = userDefaultsUITests;
			sourceTree = "<group>";
		};
/* End PBXGroup section */

/* Begin PBXNativeTarget section */
		9FACBED12AFAFA62004FBA77 /* userDefaults */ = {
			isa = PBXNativeTarget;
			buildConfigurationList = 9FACBEFF2AFAFA66004FBA77 /* Build configuration list for PBXNativeTarget "userDefaults" */;
			buildPhases = (
				9FACBECE2AFAFA62004FBA77 /* Sources */,
				9FACBECF2AFAFA62004FBA77 /* Frameworks */,
				9FACBED02AFAFA62004FBA77 /* Resources */,
			);
			buildRules = (
			);
			dependencies = (
			);
			name = userDefaults;
			productName = userDefaults;
			productReference = 9FACBED22AFAFA62004FBA77 /* userDefaults.app */;
			productType = "com.apple.product-type.application";
		};
		9FACBEEA2AFAFA66004FBA77 /* userDefaultsTests */ = {
			isa = PBXNativeTarget;
			buildConfigurationList = 9FACBF022AFAFA66004FBA77 /* Build configuration list for PBXNativeTarget "userDefaultsTests" */;
			buildPhases = (
				9FACBEE72AFAFA66004FBA77 /* Sources */,
				9FACBEE82AFAFA66004FBA77 /* Frameworks */,
				9FACBEE92AFAFA66004FBA77 /* Resources */,
			);
			buildRules = (
			);
			dependencies = (
				9FACBEED2AFAFA66004FBA77 /* PBXTargetDependency */,
			);
			name = userDefaultsTests;
			productName = userDefaultsTests;
			productReference = 9FACBEEB2AFAFA66004FBA77 /* userDefaultsTests.xctest */;
			productType = "com.apple.product-type.bundle.unit-test";
		};
		9FACBEF42AFAFA66004FBA77 /* userDefaultsUITests */ = {
			isa = PBXNativeTarget;
			buildConfigurationList = 9FACBF052AFAFA66004FBA77 /* Build configuration list for PBXNativeTarget "userDefaultsUITests" */;
			buildPhases = (
				9FACBEF12AFAFA66004FBA77 /* Sources */,
				9FACBEF22AFAFA66004FBA77 /* Frameworks */,
				9FACBEF32AFAFA66004FBA77 /* Resources */,
			);
			buildRules = (
			);
			dependencies = (
				9FACBEF72AFAFA66004FBA77 /* PBXTargetDependency */,
			);
			name = userDefaultsUITests;
			productName = userDefaultsUITests;
			productReference = 9FACBEF52AFAFA66004FBA77 /* userDefaultsUITests.xctest */;
			productType = "com.apple.product-type.bundle.ui-testing";
		};
/* End PBXNativeTarget section */

/* Begin PBXProject section */
		9FACBECA2AFAFA62004FBA77 /* Project object */ = {
			isa = PBXProject;
			attributes = {
				BuildIndependentTargetsInParallel = 1;
				LastSwiftUpdateCheck = 1430;
				LastUpgradeCheck = 1430;
				TargetAttributes = {
					9FACBED12AFAFA62004FBA77 = {
						CreatedOnToolsVersion = 14.3;
					};
					9FACBEEA2AFAFA66004FBA77 = {
						CreatedOnToolsVersion = 14.3;
						TestTargetID = 9FACBED12AFAFA62004FBA77;
					};
					9FACBEF42AFAFA66004FBA77 = {
						CreatedOnToolsVersion = 14.3;
						TestTargetID = 9FACBED12AFAFA62004FBA77;
					};
				};
			};
			buildConfigurationList = 9FACBECD2AFAFA62004FBA77 /* Build configuration list for PBXProject "userDefaults" */;
			compatibilityVersion = "Xcode 14.0";
			developmentRegion = en;
			hasScannedForEncodings = 0;
			knownRegions = (
				en,
				Base,
			);
			mainGroup = 9FACBEC92AFAFA62004FBA77;
			productRefGroup = 9FACBED32AFAFA62004FBA77 /* Products */;
			projectDirPath = "";
			projectRoot = "";
			targets = (
				9FACBED12AFAFA62004FBA77 /* userDefaults */,
				9FACBEEA2AFAFA66004FBA77 /* userDefaultsTests */,
				9FACBEF42AFAFA66004FBA77 /* userDefaultsUITests */,
			);
		};
/* End PBXProject section */

/* Begin PBXResourcesBuildPhase section */
		9FACBED02AFAFA62004FBA77 /* Resources */ = {
			isa = PBXResourcesBuildPhase;
			buildActionMask = 2147483647;
			files = (
				9FACBEE52AFAFA66004FBA77 /* LaunchScreen.storyboard in Resources */,
				9FACBEE22AFAFA66004FBA77 /* Assets.xcassets in Resources */,
				9FACBEDD2AFAFA62004FBA77 /* Main.storyboard in Resources */,
			);
			runOnlyForDeploymentPostprocessing = 0;
		};
		9FACBEE92AFAFA66004FBA77 /* Resources */ = {
			isa = PBXResourcesBuildPhase;
			buildActionMask = 2147483647;
			files = (
			);
			runOnlyForDeploymentPostprocessing = 0;
		};
		9FACBEF32AFAFA66004FBA77 /* Resources */ = {
			isa = PBXResourcesBuildPhase;
			buildActionMask = 2147483647;
			files = (
			);
			runOnlyForDeploymentPostprocessing = 0;
		};
/* End PBXResourcesBuildPhase section */

/* Begin PBXSourcesBuildPhase section */
		9FACBECE2AFAFA62004FBA77 /* Sources */ = {
			isa = PBXSourcesBuildPhase;
			buildActionMask = 2147483647;
			files = (
				9FACBEE02AFAFA62004FBA77 /* userDefaults.xcdatamodeld in Sources */,
				9FACBEDA2AFAFA62004FBA77 /* ViewController.swift in Sources */,
				9FACBED62AFAFA62004FBA77 /* AppDelegate.swift in Sources */,
				9FACBED82AFAFA62004FBA77 /* SceneDelegate.swift in Sources */,
			);
			runOnlyForDeploymentPostprocessing = 0;
		};
		9FACBEE72AFAFA66004FBA77 /* Sources */ = {
			isa = PBXSourcesBuildPhase;
			buildActionMask = 2147483647;
			files = (
				9FACBEF02AFAFA66004FBA77 /* userDefaultsTests.swift in Sources */,
			);
			runOnlyForDeploymentPostprocessing = 0;
		};
		9FACBEF12AFAFA66004FBA77 /* Sources */ = {
			isa = PBXSourcesBuildPhase;
			buildActionMask = 2147483647;
			files = (
				9FACBEFA2AFAFA66004FBA77 /* userDefaultsUITests.swift in Sources */,
				9FACBEFC2AFAFA66004FBA77 /* userDefaultsUITestsLaunchTests.swift in Sources */,
			);
			runOnlyForDeploymentPostprocessing = 0;
		};
/* End PBXSourcesBuildPhase section */

/* Begin PBXTargetDependency section */
		9FACBEED2AFAFA66004FBA77 /* PBXTargetDependency */ = {
			isa = PBXTargetDependency;
			target = 9FACBED12AFAFA62004FBA77 /* userDefaults */;
			targetProxy = 9FACBEEC2AFAFA66004FBA77 /* PBXContainerItemProxy */;
		};
		9FACBEF72AFAFA66004FBA77 /* PBXTargetDependency */ = {
			isa = PBXTargetDependency;
			target = 9FACBED12AFAFA62004FBA77 /* userDefaults */;
			targetProxy = 9FACBEF62AFAFA66004FBA77 /* PBXContainerItemProxy */;
		};
/* End PBXTargetDependency section */

/* Begin PBXVariantGroup section */
		9FACBEDB2AFAFA62004FBA77 /* Main.storyboard */ = {
			isa = PBXVariantGroup;
			children = (
				9FACBEDC2AFAFA62004FBA77 /* Base */,
			);
			name = Main.storyboard;
			sourceTree = "<group>";
		};
		9FACBEE32AFAFA66004FBA77 /* LaunchScreen.storyboard */ = {
			isa = PBXVariantGroup;
			children = (
				9FACBEE42AFAFA66004FBA77 /* Base */,
			);
			name = LaunchScreen.storyboard;
			sourceTree = "<group>";
		};
/* End PBXVariantGroup section */

/* Begin XCBuildConfiguration section */
		9FACBEFD2AFAFA66004FBA77 /* Debug */ = {
			isa = XCBuildConfiguration;
			buildSettings = {
				ALWAYS_SEARCH_USER_PATHS = NO;
				CLANG_ANALYZER_NONNULL = YES;
				CLANG_ANALYZER_NUMBER_OBJECT_CONVERSION = YES_AGGRESSIVE;
				CLANG_CXX_LANGUAGE_STANDARD = "gnu++20";
				CLANG_ENABLE_MODULES = YES;
				CLANG_ENABLE_OBJC_ARC = YES;
				CLANG_ENABLE_OBJC_WEAK = YES;
				CLANG_WARN_BLOCK_CAPTURE_AUTORELEASING = YES;
				CLANG_WARN_BOOL_CONVERSION = YES;
				CLANG_WARN_COMMA = YES;
				CLANG_WARN_CONSTANT_CONVERSION = YES;
				CLANG_WARN_DEPRECATED_OBJC_IMPLEMENTATIONS = YES;
				CLANG_WARN_DIRECT_OBJC_ISA_USAGE = YES_ERROR;
				CLANG_WARN_DOCUMENTATION_COMMENTS = YES;
				CLANG_WARN_EMPTY_BODY = YES;
				CLANG_WARN_ENUM_CONVERSION = YES;
				CLANG_WARN_INFINITE_RECURSION = YES;
				CLANG_WARN_INT_CONVERSION = YES;
				CLANG_WARN_NON_LITERAL_NULL_CONVERSION = YES;
				CLANG_WARN_OBJC_IMPLICIT_RETAIN_SELF = YES;
				CLANG_WARN_OBJC_LITERAL_CONVERSION = YES;
				CLANG_WARN_OBJC_ROOT_CLASS = YES_ERROR;
				CLANG_WARN_QUOTED_INCLUDE_IN_FRAMEWORK_HEADER = YES;
				CLANG_WARN_RANGE_LOOP_ANALYSIS = YES;
				CLANG_WARN_STRICT_PROTOTYPES = YES;
				CLANG_WARN_SUSPICIOUS_MOVE = YES;
				CLANG_WARN_UNGUARDED_AVAILABILITY = YES_AGGRESSIVE;
				CLANG_WARN_UNREACHABLE_CODE = YES;
				CLANG_WARN__DUPLICATE_METHOD_MATCH = YES;
				COPY_PHASE_STRIP = NO;
				DEBUG_INFORMATION_FORMAT = dwarf;
				ENABLE_STRICT_OBJC_MSGSEND = YES;
				ENABLE_TESTABILITY = YES;
				GCC_C_LANGUAGE_STANDARD = gnu11;
				GCC_DYNAMIC_NO_PIC = NO;
				GCC_NO_COMMON_BLOCKS = YES;
				GCC_OPTIMIZATION_LEVEL = 0;
				GCC_PREPROCESSOR_DEFINITIONS = (
					"DEBUG=1",
					"$(inherited)",
				);
				GCC_WARN_64_TO_32_BIT_CONVERSION = YES;
				GCC_WARN_ABOUT_RETURN_TYPE = YES_ERROR;
				GCC_WARN_UNDECLARED_SELECTOR = YES;
				GCC_WARN_UNINITIALIZED_AUTOS = YES_AGGRESSIVE;
				GCC_WARN_UNUSED_FUNCTION = YES;
				GCC_WARN_UNUSED_VARIABLE = YES;
				IPHONEOS_DEPLOYMENT_TARGET = 16.4;
				MTL_ENABLE_DEBUG_INFO = INCLUDE_SOURCE;
				MTL_FAST_MATH = YES;
				ONLY_ACTIVE_ARCH = YES;
				SDKROOT = iphoneos;
				SWIFT_ACTIVE_COMPILATION_CONDITIONS = DEBUG;
				SWIFT_OPTIMIZATION_LEVEL = "-Onone";
			};
			name = Debug;
		};
		9FACBEFE2AFAFA66004FBA77 /* Release */ = {
			isa = XCBuildConfiguration;
			buildSettings = {
				ALWAYS_SEARCH_USER_PATHS = NO;
				CLANG_ANALYZER_NONNULL = YES;
				CLANG_ANALYZER_NUMBER_OBJECT_CONVERSION = YES_AGGRESSIVE;
				CLANG_CXX_LANGUAGE_STANDARD = "gnu++20";
				CLANG_ENABLE_MODULES = YES;
				CLANG_ENABLE_OBJC_ARC = YES;
				CLANG_ENABLE_OBJC_WEAK = YES;
				CLANG_WARN_BLOCK_CAPTURE_AUTORELEASING = YES;
				CLANG_WARN_BOOL_CONVERSION = YES;
				CLANG_WARN_COMMA = YES;
				CLANG_WARN_CONSTANT_CONVERSION = YES;
				CLANG_WARN_DEPRECATED_OBJC_IMPLEMENTATIONS = YES;
				CLANG_WARN_DIRECT_OBJC_ISA_USAGE = YES_ERROR;
				CLANG_WARN_DOCUMENTATION_COMMENTS = YES;
				CLANG_WARN_EMPTY_BODY = YES;
				CLANG_WARN_ENUM_CONVERSION = YES;
				CLANG_WARN_INFINITE_RECURSION = YES;
				CLANG_WARN_INT_CONVERSION = YES;
				CLANG_WARN_NON_LITERAL_NULL_CONVERSION = YES;
				CLANG_WARN_OBJC_IMPLICIT_RETAIN_SELF = YES;
				CLANG_WARN_OBJC_LITERAL_CONVERSION = YES;
				CLANG_WARN_OBJC_ROOT_CLASS = YES_ERROR;
				CLANG_WARN_QUOTED_INCLUDE_IN_FRAMEWORK_HEADER = YES;
				CLANG_WARN_RANGE_LOOP_ANALYSIS = YES;
				CLANG_WARN_STRICT_PROTOTYPES = YES;
				CLANG_WARN_SUSPICIOUS_MOVE = YES;
				CLANG_WARN_UNGUARDED_AVAILABILITY = YES_AGGRESSIVE;
				CLANG_WARN_UNREACHABLE_CODE = YES;
				CLANG_WARN__DUPLICATE_METHOD_MATCH = YES;
				COPY_PHASE_STRIP = NO;
				DEBUG_INFORMATION_FORMAT = "dwarf-with-dsym";
				ENABLE_NS_ASSERTIONS = NO;
				ENABLE_STRICT_OBJC_MSGSEND = YES;
				GCC_C_LANGUAGE_STANDARD = gnu11;
				GCC_NO_COMMON_BLOCKS = YES;
				GCC_WARN_64_TO_32_BIT_CONVERSION = YES;
				GCC_WARN_ABOUT_RETURN_TYPE = YES_ERROR;
				GCC_WARN_UNDECLARED_SELECTOR = YES;
				GCC_WARN_UNINITIALIZED_AUTOS = YES_AGGRESSIVE;
				GCC_WARN_UNUSED_FUNCTION = YES;
				GCC_WARN_UNUSED_VARIABLE = YES;
				IPHONEOS_DEPLOYMENT_TARGET = 16.4;
				MTL_ENABLE_DEBUG_INFO = NO;
				MTL_FAST_MATH = YES;
				SDKROOT = iphoneos;
				SWIFT_COMPILATION_MODE = wholemodule;
				SWIFT_OPTIMIZATION_LEVEL = "-O";
				VALIDATE_PRODUCT = YES;
			};
			name = Release;
		};
		9FACBF002AFAFA66004FBA77 /* Debug */ = {
			isa = XCBuildConfiguration;
			buildSettings = {
				ASSETCATALOG_COMPILER_APPICON_NAME = AppIcon;
				ASSETCATALOG_COMPILER_GLOBAL_ACCENT_COLOR_NAME = AccentColor;
				CODE_SIGN_STYLE = Automatic;
				CURRENT_PROJECT_VERSION = 1;
				DEVELOPMENT_TEAM = 676Y7Q29M8;
				GENERATE_INFOPLIST_FILE = YES;
				INFOPLIST_FILE = userDefaults/Info.plist;
				INFOPLIST_KEY_UIApplicationSupportsIndirectInputEvents = YES;
				INFOPLIST_KEY_UILaunchStoryboardName = LaunchScreen;
				INFOPLIST_KEY_UIMainStoryboardFile = Main;
				INFOPLIST_KEY_UISupportedInterfaceOrientations_iPad = "UIInterfaceOrientationPortrait UIInterfaceOrientationPortraitUpsideDown UIInterfaceOrientationLandscapeLeft UIInterfaceOrientationLandscapeRight";
				INFOPLIST_KEY_UISupportedInterfaceOrientations_iPhone = "UIInterfaceOrientationPortrait UIInterfaceOrientationLandscapeLeft UIInterfaceOrientationLandscapeRight";
				LD_RUNPATH_SEARCH_PATHS = (
					"$(inherited)",
					"@executable_path/Frameworks",
				);
				MARKETING_VERSION = 1.0;
				PRODUCT_BUNDLE_IDENTIFIER = com.agustincarbajal.userDefaults;
				PRODUCT_NAME = "$(TARGET_NAME)";
				SWIFT_EMIT_LOC_STRINGS = YES;
				SWIFT_VERSION = 5.0;
				TARGETED_DEVICE_FAMILY = "1,2";
			};
			name = Debug;
		};
		9FACBF012AFAFA66004FBA77 /* Release */ = {
			isa = XCBuildConfiguration;
			buildSettings = {
				ASSETCATALOG_COMPILER_APPICON_NAME = AppIcon;
				ASSETCATALOG_COMPILER_GLOBAL_ACCENT_COLOR_NAME = AccentColor;
				CODE_SIGN_STYLE = Automatic;
				CURRENT_PROJECT_VERSION = 1;
				DEVELOPMENT_TEAM = 676Y7Q29M8;
				GENERATE_INFOPLIST_FILE = YES;
				INFOPLIST_FILE = userDefaults/Info.plist;
				INFOPLIST_KEY_UIApplicationSupportsIndirectInputEvents = YES;
				INFOPLIST_KEY_UILaunchStoryboardName = LaunchScreen;
				INFOPLIST_KEY_UIMainStoryboardFile = Main;
				INFOPLIST_KEY_UISupportedInterfaceOrientations_iPad = "UIInterfaceOrientationPortrait UIInterfaceOrientationPortraitUpsideDown UIInterfaceOrientationLandscapeLeft UIInterfaceOrientationLandscapeRight";
				INFOPLIST_KEY_UISupportedInterfaceOrientations_iPhone = "UIInterfaceOrientationPortrait UIInterfaceOrientationLandscapeLeft UIInterfaceOrientationLandscapeRight";
				LD_RUNPATH_SEARCH_PATHS = (
					"$(inherited)",
					"@executable_path/Frameworks",
				);
				MARKETING_VERSION = 1.0;
				PRODUCT_BUNDLE_IDENTIFIER = com.agustincarbajal.userDefaults;
				PRODUCT_NAME = "$(TARGET_NAME)";
				SWIFT_EMIT_LOC_STRINGS = YES;
				SWIFT_VERSION = 5.0;
				TARGETED_DEVICE_FAMILY = "1,2";
			};
			name = Release;
		};
		9FACBF032AFAFA66004FBA77 /* Debug */ = {
			isa = XCBuildConfiguration;
			buildSettings = {
				ALWAYS_EMBED_SWIFT_STANDARD_LIBRARIES = YES;
				BUNDLE_LOADER = "$(TEST_HOST)";
				CODE_SIGN_STYLE = Automatic;
				CURRENT_PROJECT_VERSION = 1;
				DEVELOPMENT_TEAM = 676Y7Q29M8;
				GENERATE_INFOPLIST_FILE = YES;
				IPHONEOS_DEPLOYMENT_TARGET = 16.4;
				MARKETING_VERSION = 1.0;
				PRODUCT_BUNDLE_IDENTIFIER = com.agustincarbajal.userDefaultsTests;
				PRODUCT_NAME = "$(TARGET_NAME)";
				SWIFT_EMIT_LOC_STRINGS = NO;
				SWIFT_VERSION = 5.0;
				TARGETED_DEVICE_FAMILY = "1,2";
				TEST_HOST = "$(BUILT_PRODUCTS_DIR)/userDefaults.app/$(BUNDLE_EXECUTABLE_FOLDER_PATH)/userDefaults";
			};
			name = Debug;
		};
		9FACBF042AFAFA66004FBA77 /* Release */ = {
			isa = XCBuildConfiguration;
			buildSettings = {
				ALWAYS_EMBED_SWIFT_STANDARD_LIBRARIES = YES;
				BUNDLE_LOADER = "$(TEST_HOST)";
				CODE_SIGN_STYLE = Automatic;
				CURRENT_PROJECT_VERSION = 1;
				DEVELOPMENT_TEAM = 676Y7Q29M8;
				GENERATE_INFOPLIST_FILE = YES;
				IPHONEOS_DEPLOYMENT_TARGET = 16.4;
				MARKETING_VERSION = 1.0;
				PRODUCT_BUNDLE_IDENTIFIER = com.agustincarbajal.userDefaultsTests;
				PRODUCT_NAME = "$(TARGET_NAME)";
				SWIFT_EMIT_LOC_STRINGS = NO;
				SWIFT_VERSION = 5.0;
				TARGETED_DEVICE_FAMILY = "1,2";
				TEST_HOST = "$(BUILT_PRODUCTS_DIR)/userDefaults.app/$(BUNDLE_EXECUTABLE_FOLDER_PATH)/userDefaults";
			};
			name = Release;
		};
		9FACBF062AFAFA66004FBA77 /* Debug */ = {
			isa = XCBuildConfiguration;
			buildSettings = {
				ALWAYS_EMBED_SWIFT_STANDARD_LIBRARIES = YES;
				CODE_SIGN_STYLE = Automatic;
				CURRENT_PROJECT_VERSION = 1;
				DEVELOPMENT_TEAM = 676Y7Q29M8;
				GENERATE_INFOPLIST_FILE = YES;
				MARKETING_VERSION = 1.0;
				PRODUCT_BUNDLE_IDENTIFIER = com.agustincarbajal.userDefaultsUITests;
				PRODUCT_NAME = "$(TARGET_NAME)";
				SWIFT_EMIT_LOC_STRINGS = NO;
				SWIFT_VERSION = 5.0;
				TARGETED_DEVICE_FAMILY = "1,2";
				TEST_TARGET_NAME = userDefaults;
			};
			name = Debug;
		};
		9FACBF072AFAFA66004FBA77 /* Release */ = {
			isa = XCBuildConfiguration;
			buildSettings = {
				ALWAYS_EMBED_SWIFT_STANDARD_LIBRARIES = YES;
				CODE_SIGN_STYLE = Automatic;
				CURRENT_PROJECT_VERSION = 1;
				DEVELOPMENT_TEAM = 676Y7Q29M8;
				GENERATE_INFOPLIST_FILE = YES;
				MARKETING_VERSION = 1.0;
				PRODUCT_BUNDLE_IDENTIFIER = com.agustincarbajal.userDefaultsUITests;
				PRODUCT_NAME = "$(TARGET_NAME)";
				SWIFT_EMIT_LOC_STRINGS = NO;
				SWIFT_VERSION = 5.0;
				TARGETED_DEVICE_FAMILY = "1,2";
				TEST_TARGET_NAME = userDefaults;
			};
			name = Release;
		};
/* End XCBuildConfiguration section */

/* Begin XCConfigurationList section */
		9FACBECD2AFAFA62004FBA77 /* Build configuration list for PBXProject "userDefaults" */ = {
			isa = XCConfigurationList;
			buildConfigurations = (
				9FACBEFD2AFAFA66004FBA77 /* Debug */,
				9FACBEFE2AFAFA66004FBA77 /* Release */,
			);
			defaultConfigurationIsVisible = 0;
			defaultConfigurationName = Release;
		};
		9FACBEFF2AFAFA66004FBA77 /* Build configuration list for PBXNativeTarget "userDefaults" */ = {
			isa = XCConfigurationList;
			buildConfigurations = (
				9FACBF002AFAFA66004FBA77 /* Debug */,
				9FACBF012AFAFA66004FBA77 /* Release */,
			);
			defaultConfigurationIsVisible = 0;
			defaultConfigurationName = Release;
		};
		9FACBF022AFAFA66004FBA77 /* Build configuration list for PBXNativeTarget "userDefaultsTests" */ = {
			isa = XCConfigurationList;
			buildConfigurations = (
				9FACBF032AFAFA66004FBA77 /* Debug */,
				9FACBF042AFAFA66004FBA77 /* Release */,
			);
			defaultConfigurationIsVisible = 0;
			defaultConfigurationName = Release;
		};
		9FACBF052AFAFA66004FBA77 /* Build configuration list for PBXNativeTarget "userDefaultsUITests" */ = {
			isa = XCConfigurationList;
			buildConfigurations = (
				9FACBF062AFAFA66004FBA77 /* Debug */,
				9FACBF072AFAFA66004FBA77 /* Release */,
			);
			defaultConfigurationIsVisible = 0;
			defaultConfigurationName = Release;
		};
/* End XCConfigurationList section */

/* Begin XCVersionGroup section */
		9FACBEDE2AFAFA62004FBA77 /* userDefaults.xcdatamodeld */ = {
			isa = XCVersionGroup;
			children = (
				9FACBEDF2AFAFA62004FBA77 /* userDefaults.xcdatamodel */,
			);
			currentVersion = 9FACBEDF2AFAFA62004FBA77 /* userDefaults.xcdatamodel */;
			path = userDefaults.xcdatamodeld;
			sourceTree = "<group>";
			versionGroupType = wrapper.xcdatamodel;
		};
/* End XCVersionGroup section */
	};
	rootObject = 9FACBECA2AFAFA62004FBA77 /* Project object */;
}
